
Microsoft Visual Studio Solution File, Format Version 12.00
# Visual Studio Version 16
VisualStudioVersion = 16.0.30413.136
MinimumVisualStudioVersion = 10.0.40219.1
Project("{FAE04EC0-301F-11D3-BF4B-00C04F79EFBC}") = "GadeliniumGroupCapstone", "GadeliniumGroupCapstone\GadeliniumGroupCapstone.csproj", "{6BBEA321-4477-4918-A081-62DAA0BCFF5B}"
EndProject
Global
	GlobalSection(SolutionConfigurationPlatforms) = preSolution
		Debug|Any CPU = Debug|Any CPU
		Release|Any CPU = Release|Any CPU
	EndGlobalSection
	GlobalSection(ProjectConfigurationPlatforms) = postSolution
		{6BBEA321-4477-4918-A081-62DAA0BCFF5B}.Debug|Any CPU.ActiveCfg = Debug|Any CPU
		{6BBEA321-4477-4918-A081-62DAA0BCFF5B}.Debug|Any CPU.Build.0 = Debug|Any CPU
		{6BBEA321-4477-4918-A081-62DAA0BCFF5B}.Release|Any CPU.ActiveCfg = Release|Any CPU
		{6BBEA321-4477-4918-A081-62DAA0BCFF5B}.Release|Any CPU.Build.0 = Release|Any CPU
	EndGlobalSection
	GlobalSection(SolutionProperties) = preSolution
		HideSolutionNode = FALSE
	EndGlobalSection
	GlobalSection(ExtensibilityGlobals) = postSolution
		SolutionGuid = {D29DD708-6252-4965-8668-CA52BA4A50CB}
	EndGlobalSection
EndGlobal
